
Microsoft Visual Studio Solution File, Format Version 12.00
# Visual Studio Version 17
VisualStudioVersion = 17.12.35707.178
MinimumVisualStudioVersion = 10.0.40219.1
Project("{FAE04EC0-301F-11D3-BF4B-00C04F79EFBC}") = "carParkApp", "carParkApp\carParkApp.csproj", "{30256BD7-9BB0-45CA-A49C-40652138A10F}"
EndProject
Project("{2150E333-8FDC-42A3-9474-1A3956D46DE8}") = "carParkApp", "carParkApp", "{E297C004-BC55-468A-80E2-EC891343DD53}"
EndProject
Project("{FAE04EC0-301F-11D3-BF4B-00C04F79EFBC}") = "carParkApp.Tests", "carParkApp.Tests\carParkApp.Tests.csproj", "{903FA0FD-F059-4444-9FFC-F2DB67180128}"
EndProject
Global
	GlobalSection(SolutionConfigurationPlatforms) = preSolution
		Debug|Any CPU = Debug|Any CPU
		Release|Any CPU = Release|Any CPU
	EndGlobalSection
	GlobalSection(ProjectConfigurationPlatforms) = postSolution
		{30256BD7-9BB0-45CA-A49C-40652138A10F}.Debug|Any CPU.ActiveCfg = Debug|Any CPU
		{30256BD7-9BB0-45CA-A49C-40652138A10F}.Debug|Any CPU.Build.0 = Debug|Any CPU
		{30256BD7-9BB0-45CA-A49C-40652138A10F}.Release|Any CPU.ActiveCfg = Release|Any CPU
		{30256BD7-9BB0-45CA-A49C-40652138A10F}.Release|Any CPU.Build.0 = Release|Any CPU
		{903FA0FD-F059-4444-9FFC-F2DB67180128}.Debug|Any CPU.ActiveCfg = Debug|Any CPU
		{903FA0FD-F059-4444-9FFC-F2DB67180128}.Debug|Any CPU.Build.0 = Debug|Any CPU
		{903FA0FD-F059-4444-9FFC-F2DB67180128}.Release|Any CPU.ActiveCfg = Release|Any CPU
		{903FA0FD-F059-4444-9FFC-F2DB67180128}.Release|Any CPU.Build.0 = Release|Any CPU
	EndGlobalSection
	GlobalSection(SolutionProperties) = preSolution
		HideSolutionNode = FALSE
	EndGlobalSection
	GlobalSection(NestedProjects) = preSolution
		{30256BD7-9BB0-45CA-A49C-40652138A10F} = {E297C004-BC55-468A-80E2-EC891343DD53}
	EndGlobalSection
EndGlobal
